
Microsoft Visual Studio Solution File, Format Version 12.00
# Visual Studio Version 16
VisualStudioVersion = 16.0.29613.14
MinimumVisualStudioVersion = 10.0.40219.1
Project("{FAE04EC0-301F-11D3-BF4B-00C04F79EFBC}") = "SpeechSample", "SpeechSample\SpeechSample.csproj", "{79BB666F-B457-4F79-A680-2D289AD087AE}"
EndProject
Global
	GlobalSection(SolutionConfigurationPlatforms) = preSolution
		Debug|Any CPU = Debug|Any CPU
		Release|Any CPU = Release|Any CPU
	EndGlobalSection
	GlobalSection(ProjectConfigurationPlatforms) = postSolution
		{79BB666F-B457-4F79-A680-2D289AD087AE}.Debug|Any CPU.ActiveCfg = Debug|Any CPU
		{79BB666F-B457-4F79-A680-2D289AD087AE}.Debug|Any CPU.Build.0 = Debug|Any CPU
		{79BB666F-B457-4F79-A680-2D289AD087AE}.Release|Any CPU.ActiveCfg = Release|Any CPU
		{79BB666F-B457-4F79-A680-2D289AD087AE}.Release|Any CPU.Build.0 = Release|Any CPU
	EndGlobalSection
	GlobalSection(SolutionProperties) = preSolution
		HideSolutionNode = FALSE
	EndGlobalSection
	GlobalSection(ExtensibilityGlobals) = postSolution
		SolutionGuid = {F01A6F45-3CF5-4DA8-850C-0685773B81F9}
	EndGlobalSection
EndGlobal
